
Microsoft Visual Studio Solution File, Format Version 12.00
# Visual Studio Version 17
VisualStudioVersion = 17.9.34723.18
MinimumVisualStudioVersion = 10.0.40219.1
Project("{FAE04EC0-301F-11D3-BF4B-00C04F79EFBC}") = "Shob.Project.Models", "Shob.Project.Models\Shob.Project.Models.csproj", "{E7285534-D244-4C5D-B325-10DE5FF12340}"
EndProject
Project("{FAE04EC0-301F-11D3-BF4B-00C04F79EFBC}") = "Shop.Project.DAL", "Shop.Project.DAL\Shop.Project.DAL.csproj", "{A4E88980-FBEF-4B3A-8B4B-BD43940F1132}"
EndProject
Project("{FAE04EC0-301F-11D3-BF4B-00C04F79EFBC}") = "Shop.Project.Main", "Shop.Project.Main\Shop.Project.Main.csproj", "{9211D45B-D93F-45B4-9582-6BFF0D2AAFDE}"
EndProject
Global
	GlobalSection(SolutionConfigurationPlatforms) = preSolution
		Debug|Any CPU = Debug|Any CPU
		Release|Any CPU = Release|Any CPU
	EndGlobalSection
	GlobalSection(ProjectConfigurationPlatforms) = postSolution
		{E7285534-D244-4C5D-B325-10DE5FF12340}.Debug|Any CPU.ActiveCfg = Debug|Any CPU
		{E7285534-D244-4C5D-B325-10DE5FF12340}.Debug|Any CPU.Build.0 = Debug|Any CPU
		{E7285534-D244-4C5D-B325-10DE5FF12340}.Release|Any CPU.ActiveCfg = Release|Any CPU
		{E7285534-D244-4C5D-B325-10DE5FF12340}.Release|Any CPU.Build.0 = Release|Any CPU
		{A4E88980-FBEF-4B3A-8B4B-BD43940F1132}.Debug|Any CPU.ActiveCfg = Debug|Any CPU
		{A4E88980-FBEF-4B3A-8B4B-BD43940F1132}.Debug|Any CPU.Build.0 = Debug|Any CPU
		{A4E88980-FBEF-4B3A-8B4B-BD43940F1132}.Release|Any CPU.ActiveCfg = Release|Any CPU
		{A4E88980-FBEF-4B3A-8B4B-BD43940F1132}.Release|Any CPU.Build.0 = Release|Any CPU
		{9211D45B-D93F-45B4-9582-6BFF0D2AAFDE}.Debug|Any CPU.ActiveCfg = Debug|Any CPU
		{9211D45B-D93F-45B4-9582-6BFF0D2AAFDE}.Debug|Any CPU.Build.0 = Debug|Any CPU
		{9211D45B-D93F-45B4-9582-6BFF0D2AAFDE}.Release|Any CPU.ActiveCfg = Release|Any CPU
		{9211D45B-D93F-45B4-9582-6BFF0D2AAFDE}.Release|Any CPU.Build.0 = Release|Any CPU
	EndGlobalSection
	GlobalSection(SolutionProperties) = preSolution
		HideSolutionNode = FALSE
	EndGlobalSection
	GlobalSection(ExtensibilityGlobals) = postSolution
		SolutionGuid = {41562D5E-8C90-400E-8F56-4B25561D93A9}
	EndGlobalSection
EndGlobal
